
Microsoft Visual Studio Solution File, Format Version 12.00
# Visual Studio 15
VisualStudioVersion = 15.0.27130.2036
MinimumVisualStudioVersion = 10.0.40219.1
Project("{FAE04EC0-301F-11D3-BF4B-00C04F79EFBC}") = "PhotoWatchService", "PhotoWatcher\PhotoWatchService.csproj", "{09D3CFE4-C3DC-4E25-90BC-B657D1BAEC59}"
EndProject
Project("{FAE04EC0-301F-11D3-BF4B-00C04F79EFBC}") = "TestEventGenerator", "TestEventGenerator\TestEventGenerator.csproj", "{331CE0AF-5189-48DF-B679-6EA39B5FC175}"
EndProject
Project("{FAE04EC0-301F-11D3-BF4B-00C04F79EFBC}") = "KennedyPhotos", "Web\KennedyPhotos.csproj", "{AB925228-4038-46A2-AEFA-F1DD4B2C85FA}"
EndProject
Project("{FAE04EC0-301F-11D3-BF4B-00C04F79EFBC}") = "LattuceLib", "LattuceLib\LattuceLib.csproj", "{CCB24DC5-2775-421A-91C8-6C232E594227}"
EndProject
Project("{00D1A9C2-B5F0-4AF3-8072-F6C62B433612}") = "Artifacts", "SQLScripts\Artifacts.sqlproj", "{77705532-378E-492E-80DB-97DAA917D5AD}"
EndProject
Global
	GlobalSection(SolutionConfigurationPlatforms) = preSolution
		Debug|Any CPU = Debug|Any CPU
		Release|Any CPU = Release|Any CPU
	EndGlobalSection
	GlobalSection(ProjectConfigurationPlatforms) = postSolution
		{09D3CFE4-C3DC-4E25-90BC-B657D1BAEC59}.Debug|Any CPU.ActiveCfg = Debug|Any CPU
		{09D3CFE4-C3DC-4E25-90BC-B657D1BAEC59}.Debug|Any CPU.Build.0 = Debug|Any CPU
		{09D3CFE4-C3DC-4E25-90BC-B657D1BAEC59}.Release|Any CPU.ActiveCfg = Release|Any CPU
		{09D3CFE4-C3DC-4E25-90BC-B657D1BAEC59}.Release|Any CPU.Build.0 = Release|Any CPU
		{331CE0AF-5189-48DF-B679-6EA39B5FC175}.Debug|Any CPU.ActiveCfg = Debug|Any CPU
		{331CE0AF-5189-48DF-B679-6EA39B5FC175}.Debug|Any CPU.Build.0 = Debug|Any CPU
		{331CE0AF-5189-48DF-B679-6EA39B5FC175}.Release|Any CPU.ActiveCfg = Release|Any CPU
		{331CE0AF-5189-48DF-B679-6EA39B5FC175}.Release|Any CPU.Build.0 = Release|Any CPU
		{AB925228-4038-46A2-AEFA-F1DD4B2C85FA}.Debug|Any CPU.ActiveCfg = Debug|Any CPU
		{AB925228-4038-46A2-AEFA-F1DD4B2C85FA}.Debug|Any CPU.Build.0 = Debug|Any CPU
		{AB925228-4038-46A2-AEFA-F1DD4B2C85FA}.Debug|Any CPU.Deploy.0 = Debug|Any CPU
		{AB925228-4038-46A2-AEFA-F1DD4B2C85FA}.Release|Any CPU.ActiveCfg = Release|Any CPU
		{AB925228-4038-46A2-AEFA-F1DD4B2C85FA}.Release|Any CPU.Build.0 = Release|Any CPU
		{CCB24DC5-2775-421A-91C8-6C232E594227}.Debug|Any CPU.ActiveCfg = Debug|Any CPU
		{CCB24DC5-2775-421A-91C8-6C232E594227}.Debug|Any CPU.Build.0 = Debug|Any CPU
		{CCB24DC5-2775-421A-91C8-6C232E594227}.Release|Any CPU.ActiveCfg = Release|Any CPU
		{CCB24DC5-2775-421A-91C8-6C232E594227}.Release|Any CPU.Build.0 = Release|Any CPU
		{77705532-378E-492E-80DB-97DAA917D5AD}.Debug|Any CPU.ActiveCfg = Debug|Any CPU
		{77705532-378E-492E-80DB-97DAA917D5AD}.Debug|Any CPU.Build.0 = Debug|Any CPU
		{77705532-378E-492E-80DB-97DAA917D5AD}.Debug|Any CPU.Deploy.0 = Debug|Any CPU
		{77705532-378E-492E-80DB-97DAA917D5AD}.Release|Any CPU.ActiveCfg = Release|Any CPU
		{77705532-378E-492E-80DB-97DAA917D5AD}.Release|Any CPU.Build.0 = Release|Any CPU
		{77705532-378E-492E-80DB-97DAA917D5AD}.Release|Any CPU.Deploy.0 = Release|Any CPU
	EndGlobalSection
	GlobalSection(SolutionProperties) = preSolution
		HideSolutionNode = FALSE
	EndGlobalSection
	GlobalSection(ExtensibilityGlobals) = postSolution
		SolutionGuid = {41372AF4-4E3C-461E-B64E-E4F828856EBA}
	EndGlobalSection
EndGlobal
